
Microsoft Visual Studio Solution File, Format Version 10.00
# Visual Studio 2008
Project("{FAE04EC0-301F-11D3-BF4B-00C04F79EFBC}") = "VolumetricRenderer", "VolumetricRenderer.csproj", "{C2589EB6-3696-46CE-9FB7-4803E456D887}"
EndProject
Global
	GlobalSection(SolutionConfigurationPlatforms) = preSolution
		Debug|x86 = Debug|x86
		Release|x86 = Release|x86
	EndGlobalSection
	GlobalSection(ProjectConfigurationPlatforms) = postSolution
		{C2589EB6-3696-46CE-9FB7-4803E456D887}.Debug|x86.ActiveCfg = Debug|x86
		{C2589EB6-3696-46CE-9FB7-4803E456D887}.Debug|x86.Build.0 = Debug|x86
		{C2589EB6-3696-46CE-9FB7-4803E456D887}.Release|x86.ActiveCfg = Release|x86
		{C2589EB6-3696-46CE-9FB7-4803E456D887}.Release|x86.Build.0 = Release|x86
		{0B4C808D-7D1B-42EA-851F-C9AD75D0F124}.Debug|x86.ActiveCfg = Debug|x86
		{0B4C808D-7D1B-42EA-851F-C9AD75D0F124}.Release|x86.ActiveCfg = Release|x86
	EndGlobalSection
	GlobalSection(SolutionProperties) = preSolution
		HideSolutionNode = FALSE
	EndGlobalSection
EndGlobal
